
Microsoft Visual Studio Solution File, Format Version 12.00
# Visual Studio Version 16
VisualStudioVersion = 16.0.30621.155
MinimumVisualStudioVersion = 10.0.40219.1
Project("{9A19103F-16F7-4668-BE54-9A1E7A4F7556}") = "DIPS.Fhir.Service", "DIPS.Fhir.Service\DIPS.Fhir.Service.csproj", "{B4369BFA-8250-4A7F-BA88-4A1B3B8597AD}"
EndProject
Project("{2150E333-8FDC-42A3-9474-1A3956D46DE8}") = "Tests", "Tests", "{D447E3BB-0423-4DA4-8F2D-A32AC17183F2}"
EndProject
Project("{9A19103F-16F7-4668-BE54-9A1E7A4F7556}") = "TestDIPS.Fhir.Service", "Tests\TestDIPS.Fhir.Service\TestDIPS.Fhir.Service.csproj", "{EBF35501-BB55-49AB-B941-C55EA9008A51}"
EndProject
Global
	GlobalSection(SolutionConfigurationPlatforms) = preSolution
		Debug|Any CPU = Debug|Any CPU
		Release|Any CPU = Release|Any CPU
	EndGlobalSection
	GlobalSection(ProjectConfigurationPlatforms) = postSolution
		{B4369BFA-8250-4A7F-BA88-4A1B3B8597AD}.Debug|Any CPU.ActiveCfg = Debug|Any CPU
		{B4369BFA-8250-4A7F-BA88-4A1B3B8597AD}.Debug|Any CPU.Build.0 = Debug|Any CPU
		{B4369BFA-8250-4A7F-BA88-4A1B3B8597AD}.Release|Any CPU.ActiveCfg = Release|Any CPU
		{B4369BFA-8250-4A7F-BA88-4A1B3B8597AD}.Release|Any CPU.Build.0 = Release|Any CPU
		{EBF35501-BB55-49AB-B941-C55EA9008A51}.Debug|Any CPU.ActiveCfg = Debug|Any CPU
		{EBF35501-BB55-49AB-B941-C55EA9008A51}.Debug|Any CPU.Build.0 = Debug|Any CPU
		{EBF35501-BB55-49AB-B941-C55EA9008A51}.Release|Any CPU.ActiveCfg = Release|Any CPU
		{EBF35501-BB55-49AB-B941-C55EA9008A51}.Release|Any CPU.Build.0 = Release|Any CPU
	EndGlobalSection
	GlobalSection(SolutionProperties) = preSolution
		HideSolutionNode = FALSE
	EndGlobalSection
	GlobalSection(NestedProjects) = preSolution
		{EBF35501-BB55-49AB-B941-C55EA9008A51} = {D447E3BB-0423-4DA4-8F2D-A32AC17183F2}
	EndGlobalSection
	GlobalSection(ExtensibilityGlobals) = postSolution
		SolutionGuid = {493B1662-B8BD-4E2A-83AD-DE198BE8ED15}
	EndGlobalSection
EndGlobal
